
Microsoft Visual Studio Solution File, Format Version 12.00
# Visual Studio Version 16
VisualStudioVersion = 16.0.30804.86
MinimumVisualStudioVersion = 10.0.40219.1
Project("{FAE04EC0-301F-11D3-BF4B-00C04F79EFBC}") = "IP changer", "IP changer\IP changer.csproj", "{DEC4A791-D465-4A85-A3A7-74A01741ACD8}"
EndProject
Global
	GlobalSection(SolutionConfigurationPlatforms) = preSolution
		Debug|Any CPU = Debug|Any CPU
		Release|Any CPU = Release|Any CPU
	EndGlobalSection
	GlobalSection(ProjectConfigurationPlatforms) = postSolution
		{DEC4A791-D465-4A85-A3A7-74A01741ACD8}.Debug|Any CPU.ActiveCfg = Debug|Any CPU
		{DEC4A791-D465-4A85-A3A7-74A01741ACD8}.Debug|Any CPU.Build.0 = Debug|Any CPU
		{DEC4A791-D465-4A85-A3A7-74A01741ACD8}.Release|Any CPU.ActiveCfg = Release|Any CPU
		{DEC4A791-D465-4A85-A3A7-74A01741ACD8}.Release|Any CPU.Build.0 = Release|Any CPU
	EndGlobalSection
	GlobalSection(SolutionProperties) = preSolution
		HideSolutionNode = FALSE
	EndGlobalSection
	GlobalSection(ExtensibilityGlobals) = postSolution
		SolutionGuid = {286DAD32-0B21-4199-95BB-1DD164C88618}
	EndGlobalSection
EndGlobal
